
Microsoft Visual Studio Solution File, Format Version 12.00
# Visual Studio Version 16
VisualStudioVersion = 16.0.30717.126
MinimumVisualStudioVersion = 10.0.40219.1
Project("{9A19103F-16F7-4668-BE54-9A1E7A4F7556}") = "必备知识点_控制台相关", "必备知识点_控制台相关\必备知识点_控制台相关.csproj", "{2EDDC19C-8FB2-48FC-825D-035C3A3CFBD3}"
EndProject
Project("{9A19103F-16F7-4668-BE54-9A1E7A4F7556}") = "必备知识点_随机数", "必备知识点_随机数\必备知识点_随机数.csproj", "{421D1685-2191-4C27-BAC0-AF1F56D707E5}"
EndProject
Project("{FAE04EC0-301F-11D3-BF4B-00C04F79EFBC}") = "入门实践", "入门实践\入门实践.csproj", "{BDAED7AB-D99F-4E57-B45F-C4F9EC457DCB}"
EndProject
Global
	GlobalSection(SolutionConfigurationPlatforms) = preSolution
		Debug|Any CPU = Debug|Any CPU
		Release|Any CPU = Release|Any CPU
	EndGlobalSection
	GlobalSection(ProjectConfigurationPlatforms) = postSolution
		{2EDDC19C-8FB2-48FC-825D-035C3A3CFBD3}.Debug|Any CPU.ActiveCfg = Debug|Any CPU
		{2EDDC19C-8FB2-48FC-825D-035C3A3CFBD3}.Debug|Any CPU.Build.0 = Debug|Any CPU
		{2EDDC19C-8FB2-48FC-825D-035C3A3CFBD3}.Release|Any CPU.ActiveCfg = Release|Any CPU
		{2EDDC19C-8FB2-48FC-825D-035C3A3CFBD3}.Release|Any CPU.Build.0 = Release|Any CPU
		{421D1685-2191-4C27-BAC0-AF1F56D707E5}.Debug|Any CPU.ActiveCfg = Debug|Any CPU
		{421D1685-2191-4C27-BAC0-AF1F56D707E5}.Debug|Any CPU.Build.0 = Debug|Any CPU
		{421D1685-2191-4C27-BAC0-AF1F56D707E5}.Release|Any CPU.ActiveCfg = Release|Any CPU
		{421D1685-2191-4C27-BAC0-AF1F56D707E5}.Release|Any CPU.Build.0 = Release|Any CPU
		{BDAED7AB-D99F-4E57-B45F-C4F9EC457DCB}.Debug|Any CPU.ActiveCfg = Debug|Any CPU
		{BDAED7AB-D99F-4E57-B45F-C4F9EC457DCB}.Debug|Any CPU.Build.0 = Debug|Any CPU
		{BDAED7AB-D99F-4E57-B45F-C4F9EC457DCB}.Release|Any CPU.ActiveCfg = Release|Any CPU
		{BDAED7AB-D99F-4E57-B45F-C4F9EC457DCB}.Release|Any CPU.Build.0 = Release|Any CPU
	EndGlobalSection
	GlobalSection(SolutionProperties) = preSolution
		HideSolutionNode = FALSE
	EndGlobalSection
	GlobalSection(ExtensibilityGlobals) = postSolution
		SolutionGuid = {F7D6184A-1E81-46C9-93D6-1FA47090E098}
	EndGlobalSection
EndGlobal
